
Microsoft Visual Studio Solution File, Format Version 12.00
# Visual Studio Version 17
VisualStudioVersion = 17.13.35931.197
MinimumVisualStudioVersion = 10.0.40219.1
Project("{FAE04EC0-301F-11D3-BF4B-00C04F79EFBC}") = "PersonalAccountant", "PersonalAccountant.csproj", "{7B4D0443-6151-C282-4AE3-42B276555298}"
EndProject
Global
	GlobalSection(SolutionConfigurationPlatforms) = preSolution
		Debug|Any CPU = Debug|Any CPU
		Release|Any CPU = Release|Any CPU
	EndGlobalSection
	GlobalSection(ProjectConfigurationPlatforms) = postSolution
		{7B4D0443-6151-C282-4AE3-42B276555298}.Debug|Any CPU.ActiveCfg = Debug|Any CPU
		{7B4D0443-6151-C282-4AE3-42B276555298}.Debug|Any CPU.Build.0 = Debug|Any CPU
		{7B4D0443-6151-C282-4AE3-42B276555298}.Release|Any CPU.ActiveCfg = Release|Any CPU
		{7B4D0443-6151-C282-4AE3-42B276555298}.Release|Any CPU.Build.0 = Release|Any CPU
	EndGlobalSection
	GlobalSection(SolutionProperties) = preSolution
		HideSolutionNode = FALSE
	EndGlobalSection
	GlobalSection(ExtensibilityGlobals) = postSolution
		SolutionGuid = {CACFDF6E-CCE5-47C8-B85F-0B847EB43CA9}
	EndGlobalSection
EndGlobal
